
Microsoft Visual Studio Solution File, Format Version 12.00
# Visual Studio Version 17
VisualStudioVersion = 17.1.32407.343
MinimumVisualStudioVersion = 10.0.40219.1
Project("{9A19103F-16F7-4668-BE54-9A1E7A4F7556}") = "GeometryServiceAPI", "GeometryServiceAPI\GeometryServiceAPI.csproj", "{4BBA6A43-B428-49E4-9E59-706789C6D07F}"
EndProject
Project("{9A19103F-16F7-4668-BE54-9A1E7A4F7556}") = "GeometryService.Core", "GeometryService.Core\GeometryService.Core.csproj", "{E6D51421-BD20-4D22-A20E-3FDB4D7193C8}"
EndProject
Project("{FAE04EC0-301F-11D3-BF4B-00C04F79EFBC}") = "LoggerService", "LoggerService\LoggerService.csproj", "{F29C7CB3-643D-43CC-9BCA-D0BDDBCB2034}"
EndProject
Project("{2150E333-8FDC-42A3-9474-1A3956D46DE8}") = "UnitTest", "UnitTest", "{78D70D58-B251-4251-818F-0B464EB3CCCB}"
EndProject
Project("{FAE04EC0-301F-11D3-BF4B-00C04F79EFBC}") = "GeometryService.Tests.XUnit", "GeometryService.Tests.XUnit\GeometryService.Tests.XUnit.csproj", "{9D7ACD59-53FC-4DD9-856C-086ED6C93E7A}"
EndProject
Global
	GlobalSection(SolutionConfigurationPlatforms) = preSolution
		Debug|Any CPU = Debug|Any CPU
		Release|Any CPU = Release|Any CPU
	EndGlobalSection
	GlobalSection(ProjectConfigurationPlatforms) = postSolution
		{4BBA6A43-B428-49E4-9E59-706789C6D07F}.Debug|Any CPU.ActiveCfg = Debug|Any CPU
		{4BBA6A43-B428-49E4-9E59-706789C6D07F}.Debug|Any CPU.Build.0 = Debug|Any CPU
		{4BBA6A43-B428-49E4-9E59-706789C6D07F}.Release|Any CPU.ActiveCfg = Release|Any CPU
		{4BBA6A43-B428-49E4-9E59-706789C6D07F}.Release|Any CPU.Build.0 = Release|Any CPU
		{E6D51421-BD20-4D22-A20E-3FDB4D7193C8}.Debug|Any CPU.ActiveCfg = Debug|Any CPU
		{E6D51421-BD20-4D22-A20E-3FDB4D7193C8}.Debug|Any CPU.Build.0 = Debug|Any CPU
		{E6D51421-BD20-4D22-A20E-3FDB4D7193C8}.Release|Any CPU.ActiveCfg = Release|Any CPU
		{E6D51421-BD20-4D22-A20E-3FDB4D7193C8}.Release|Any CPU.Build.0 = Release|Any CPU
		{F29C7CB3-643D-43CC-9BCA-D0BDDBCB2034}.Debug|Any CPU.ActiveCfg = Debug|Any CPU
		{F29C7CB3-643D-43CC-9BCA-D0BDDBCB2034}.Debug|Any CPU.Build.0 = Debug|Any CPU
		{F29C7CB3-643D-43CC-9BCA-D0BDDBCB2034}.Release|Any CPU.ActiveCfg = Release|Any CPU
		{F29C7CB3-643D-43CC-9BCA-D0BDDBCB2034}.Release|Any CPU.Build.0 = Release|Any CPU
		{9D7ACD59-53FC-4DD9-856C-086ED6C93E7A}.Debug|Any CPU.ActiveCfg = Debug|Any CPU
		{9D7ACD59-53FC-4DD9-856C-086ED6C93E7A}.Debug|Any CPU.Build.0 = Debug|Any CPU
		{9D7ACD59-53FC-4DD9-856C-086ED6C93E7A}.Release|Any CPU.ActiveCfg = Release|Any CPU
		{9D7ACD59-53FC-4DD9-856C-086ED6C93E7A}.Release|Any CPU.Build.0 = Release|Any CPU
	EndGlobalSection
	GlobalSection(SolutionProperties) = preSolution
		HideSolutionNode = FALSE
	EndGlobalSection
	GlobalSection(NestedProjects) = preSolution
		{9D7ACD59-53FC-4DD9-856C-086ED6C93E7A} = {78D70D58-B251-4251-818F-0B464EB3CCCB}
	EndGlobalSection
	GlobalSection(ExtensibilityGlobals) = postSolution
		SolutionGuid = {7A135FFE-6E8D-4C8E-B0DD-1D0A3CE1DF42}
	EndGlobalSection
EndGlobal
